
Microsoft Visual Studio Solution File, Format Version 12.00
# Visual Studio Version 17
VisualStudioVersion = 17.0.31612.314
MinimumVisualStudioVersion = 10.0.40219.1
Project("{2150E333-8FDC-42A3-9474-1A3956D46DE8}") = "Solution Items", "Solution Items", "{DC5E410E-067B-48BA-8C57-F231E35A8790}"
EndProject
Project("{9A19103F-16F7-4668-BE54-9A1E7A4F7556}") = "DgtEbDllWrapper", "DgtEbDllWrapper\DgtEbDllWrapper.csproj", "{B9F97188-1996-4F0F-BD67-734EA3F672D1}"
EndProject
Project("{9A19103F-16F7-4668-BE54-9A1E7A4F7556}") = "DgtCherub", "DgtCherub\DgtCherub.csproj", "{A3126BB7-0C51-43CA-9075-2863CE97E2F6}"
EndProject
Project("{9A19103F-16F7-4668-BE54-9A1E7A4F7556}") = "DynamicBoard", "DynamicBoard\DynamicBoard.csproj", "{C0BA15EF-D915-4146-87FA-1085B0A0228D}"
EndProject
Project("{9A19103F-16F7-4668-BE54-9A1E7A4F7556}") = "DgtAngelShared", "DgtAngelShared\DgtAngelShared.csproj", "{F7649A82-C699-4229-877F-822E64E20037}"
EndProject
Project("{9A19103F-16F7-4668-BE54-9A1E7A4F7556}") = "DgtLiveChessWrapper", "DgtLiveChessWrapper\DgtLiveChessWrapper.csproj", "{42C198C0-EE34-4952-AECD-FBB6A4EA4494}"
EndProject
Project("{2150E333-8FDC-42A3-9474-1A3956D46DE8}") = "Assets", "Assets", "{814DF335-BC76-411E-AE94-9AE144DEDAFD}"
	ProjectSection(SolutionItems) = preProject
		SolutionItems\Assets\DtgAngelSocialTemplate.png = SolutionItems\Assets\DtgAngelSocialTemplate.png
		SolutionItems\Assets\DtgAngelSocialTemplate.psd = SolutionItems\Assets\DtgAngelSocialTemplate.psd
		SolutionItems\Assets\Icons.svg = SolutionItems\Assets\Icons.svg
	EndProjectSection
EndProject
Project("{2150E333-8FDC-42A3-9474-1A3956D46DE8}") = "Docs", "Docs", "{20E36046-6DCD-4CC9-BC57-1CFD35CB4C40}"
	ProjectSection(SolutionItems) = preProject
		SolutionItems\Docs\DGT Electronic Board DLL.pdf = SolutionItems\Docs\DGT Electronic Board DLL.pdf
		SolutionItems\Docs\ScratchNotes.txt = SolutionItems\Docs\ScratchNotes.txt
		VoiceScript-Moves-Real.txt = VoiceScript-Moves-Real.txt
		SolutionItems\Docs\VoiceScript-Moves.txt = SolutionItems\Docs\VoiceScript-Moves.txt
		SolutionItems\Docs\VoiceScript-Speech.txt = SolutionItems\Docs\VoiceScript-Speech.txt
		SolutionItems\Docs\VoiceScript-Time.txt = SolutionItems\Docs\VoiceScript-Time.txt
	EndProjectSection
EndProject
Project("{2150E333-8FDC-42A3-9474-1A3956D46DE8}") = "ProcessAudio", "ProcessAudio", "{3F663C5C-A65B-4B43-AC40-5A0D5B80234C}"
	ProjectSection(SolutionItems) = preProject
		SolutionItems\ProcessAudio\DgtAngelAudioPreprocess.ps1 = SolutionItems\ProcessAudio\DgtAngelAudioPreprocess.ps1
		SolutionItems\ProcessAudio\ffmpeg.exe = SolutionItems\ProcessAudio\ffmpeg.exe
	EndProjectSection
EndProject
Project("{2150E333-8FDC-42A3-9474-1A3956D46DE8}") = "Archive", "Archive", "{6980A029-979A-478A-B35E-FBB53C52486C}"
	ProjectSection(SolutionItems) = preProject
		SolutionItems\Archive\ForRef-OldBlazorChromeExtension.zip = SolutionItems\Archive\ForRef-OldBlazorChromeExtension.zip
	EndProjectSection
EndProject
Project("{9A19103F-16F7-4668-BE54-9A1E7A4F7556}") = "DynamicBoardTest", "DynamicBoardTest\DynamicBoardTest.csproj", "{E61EBC68-7696-47D7-A24B-9E591AEC7BC6}"
EndProject
Project("{C7167F0D-BC9F-4E6E-AFE1-012C56B48DB5}") = "DgtCherubPackaging", "DgtCherubPackaging\DgtCherubPackaging.wapproj", "{5E34001C-2CEF-4D18-B0BC-5B7450D831DD}"
EndProject
Project("{2150E333-8FDC-42A3-9474-1A3956D46DE8}") = "WingedHorseBuild", "WingedHorseBuild", "{E3242AD1-F11C-46F0-A273-3D38440CB36C}"
EndProject
Global
	GlobalSection(SolutionConfigurationPlatforms) = preSolution
		Debug|Any CPU = Debug|Any CPU
		Debug|ARM = Debug|ARM
		Debug|ARM64 = Debug|ARM64
		Debug|x64 = Debug|x64
		Debug|x86 = Debug|x86
		Release|Any CPU = Release|Any CPU
		Release|ARM = Release|ARM
		Release|ARM64 = Release|ARM64
		Release|x64 = Release|x64
		Release|x86 = Release|x86
	EndGlobalSection
	GlobalSection(ProjectConfigurationPlatforms) = postSolution
		{B9F97188-1996-4F0F-BD67-734EA3F672D1}.Debug|Any CPU.ActiveCfg = Debug|Any CPU
		{B9F97188-1996-4F0F-BD67-734EA3F672D1}.Debug|Any CPU.Build.0 = Debug|Any CPU
		{B9F97188-1996-4F0F-BD67-734EA3F672D1}.Debug|ARM.ActiveCfg = Debug|Any CPU
		{B9F97188-1996-4F0F-BD67-734EA3F672D1}.Debug|ARM.Build.0 = Debug|Any CPU
		{B9F97188-1996-4F0F-BD67-734EA3F672D1}.Debug|ARM64.ActiveCfg = Debug|Any CPU
		{B9F97188-1996-4F0F-BD67-734EA3F672D1}.Debug|ARM64.Build.0 = Debug|Any CPU
		{B9F97188-1996-4F0F-BD67-734EA3F672D1}.Debug|x64.ActiveCfg = Debug|Any CPU
		{B9F97188-1996-4F0F-BD67-734EA3F672D1}.Debug|x64.Build.0 = Debug|Any CPU
		{B9F97188-1996-4F0F-BD67-734EA3F672D1}.Debug|x86.ActiveCfg = Debug|Any CPU
		{B9F97188-1996-4F0F-BD67-734EA3F672D1}.Debug|x86.Build.0 = Debug|Any CPU
		{B9F97188-1996-4F0F-BD67-734EA3F672D1}.Release|Any CPU.ActiveCfg = Release|Any CPU
		{B9F97188-1996-4F0F-BD67-734EA3F672D1}.Release|Any CPU.Build.0 = Release|Any CPU
		{B9F97188-1996-4F0F-BD67-734EA3F672D1}.Release|ARM.ActiveCfg = Release|Any CPU
		{B9F97188-1996-4F0F-BD67-734EA3F672D1}.Release|ARM.Build.0 = Release|Any CPU
		{B9F97188-1996-4F0F-BD67-734EA3F672D1}.Release|ARM64.ActiveCfg = Release|Any CPU
		{B9F97188-1996-4F0F-BD67-734EA3F672D1}.Release|ARM64.Build.0 = Release|Any CPU
		{B9F97188-1996-4F0F-BD67-734EA3F672D1}.Release|x64.ActiveCfg = Release|Any CPU
		{B9F97188-1996-4F0F-BD67-734EA3F672D1}.Release|x64.Build.0 = Release|Any CPU
		{B9F97188-1996-4F0F-BD67-734EA3F672D1}.Release|x86.ActiveCfg = Release|Any CPU
		{B9F97188-1996-4F0F-BD67-734EA3F672D1}.Release|x86.Build.0 = Release|Any CPU
		{A3126BB7-0C51-43CA-9075-2863CE97E2F6}.Debug|Any CPU.ActiveCfg = Debug|Any CPU
		{A3126BB7-0C51-43CA-9075-2863CE97E2F6}.Debug|Any CPU.Build.0 = Debug|Any CPU
		{A3126BB7-0C51-43CA-9075-2863CE97E2F6}.Debug|ARM.ActiveCfg = Debug|Any CPU
		{A3126BB7-0C51-43CA-9075-2863CE97E2F6}.Debug|ARM.Build.0 = Debug|Any CPU
		{A3126BB7-0C51-43CA-9075-2863CE97E2F6}.Debug|ARM64.ActiveCfg = Debug|Any CPU
		{A3126BB7-0C51-43CA-9075-2863CE97E2F6}.Debug|ARM64.Build.0 = Debug|Any CPU
		{A3126BB7-0C51-43CA-9075-2863CE97E2F6}.Debug|x64.ActiveCfg = Debug|Any CPU
		{A3126BB7-0C51-43CA-9075-2863CE97E2F6}.Debug|x64.Build.0 = Debug|Any CPU
		{A3126BB7-0C51-43CA-9075-2863CE97E2F6}.Debug|x86.ActiveCfg = Debug|Any CPU
		{A3126BB7-0C51-43CA-9075-2863CE97E2F6}.Debug|x86.Build.0 = Debug|Any CPU
		{A3126BB7-0C51-43CA-9075-2863CE97E2F6}.Release|Any CPU.ActiveCfg = Release|Any CPU
		{A3126BB7-0C51-43CA-9075-2863CE97E2F6}.Release|Any CPU.Build.0 = Release|Any CPU
		{A3126BB7-0C51-43CA-9075-2863CE97E2F6}.Release|ARM.ActiveCfg = Release|Any CPU
		{A3126BB7-0C51-43CA-9075-2863CE97E2F6}.Release|ARM.Build.0 = Release|Any CPU
		{A3126BB7-0C51-43CA-9075-2863CE97E2F6}.Release|ARM64.ActiveCfg = Release|Any CPU
		{A3126BB7-0C51-43CA-9075-2863CE97E2F6}.Release|ARM64.Build.0 = Release|Any CPU
		{A3126BB7-0C51-43CA-9075-2863CE97E2F6}.Release|x64.ActiveCfg = Release|Any CPU
		{A3126BB7-0C51-43CA-9075-2863CE97E2F6}.Release|x64.Build.0 = Release|Any CPU
		{A3126BB7-0C51-43CA-9075-2863CE97E2F6}.Release|x86.ActiveCfg = Release|Any CPU
		{A3126BB7-0C51-43CA-9075-2863CE97E2F6}.Release|x86.Build.0 = Release|Any CPU
		{C0BA15EF-D915-4146-87FA-1085B0A0228D}.Debug|Any CPU.ActiveCfg = Debug|Any CPU
		{C0BA15EF-D915-4146-87FA-1085B0A0228D}.Debug|Any CPU.Build.0 = Debug|Any CPU
		{C0BA15EF-D915-4146-87FA-1085B0A0228D}.Debug|ARM.ActiveCfg = Debug|Any CPU
		{C0BA15EF-D915-4146-87FA-1085B0A0228D}.Debug|ARM.Build.0 = Debug|Any CPU
		{C0BA15EF-D915-4146-87FA-1085B0A0228D}.Debug|ARM64.ActiveCfg = Debug|Any CPU
		{C0BA15EF-D915-4146-87FA-1085B0A0228D}.Debug|ARM64.Build.0 = Debug|Any CPU
		{C0BA15EF-D915-4146-87FA-1085B0A0228D}.Debug|x64.ActiveCfg = Debug|Any CPU
		{C0BA15EF-D915-4146-87FA-1085B0A0228D}.Debug|x64.Build.0 = Debug|Any CPU
		{C0BA15EF-D915-4146-87FA-1085B0A0228D}.Debug|x86.ActiveCfg = Debug|Any CPU
		{C0BA15EF-D915-4146-87FA-1085B0A0228D}.Debug|x86.Build.0 = Debug|Any CPU
		{C0BA15EF-D915-4146-87FA-1085B0A0228D}.Release|Any CPU.ActiveCfg = Release|Any CPU
		{C0BA15EF-D915-4146-87FA-1085B0A0228D}.Release|Any CPU.Build.0 = Release|Any CPU
		{C0BA15EF-D915-4146-87FA-1085B0A0228D}.Release|ARM.ActiveCfg = Release|Any CPU
		{C0BA15EF-D915-4146-87FA-1085B0A0228D}.Release|ARM.Build.0 = Release|Any CPU
		{C0BA15EF-D915-4146-87FA-1085B0A0228D}.Release|ARM64.ActiveCfg = Release|Any CPU
		{C0BA15EF-D915-4146-87FA-1085B0A0228D}.Release|ARM64.Build.0 = Release|Any CPU
		{C0BA15EF-D915-4146-87FA-1085B0A0228D}.Release|x64.ActiveCfg = Release|Any CPU
		{C0BA15EF-D915-4146-87FA-1085B0A0228D}.Release|x64.Build.0 = Release|Any CPU
		{C0BA15EF-D915-4146-87FA-1085B0A0228D}.Release|x86.ActiveCfg = Release|Any CPU
		{C0BA15EF-D915-4146-87FA-1085B0A0228D}.Release|x86.Build.0 = Release|Any CPU
		{F7649A82-C699-4229-877F-822E64E20037}.Debug|Any CPU.ActiveCfg = Debug|Any CPU
		{F7649A82-C699-4229-877F-822E64E20037}.Debug|Any CPU.Build.0 = Debug|Any CPU
		{F7649A82-C699-4229-877F-822E64E20037}.Debug|ARM.ActiveCfg = Debug|Any CPU
		{F7649A82-C699-4229-877F-822E64E20037}.Debug|ARM.Build.0 = Debug|Any CPU
		{F7649A82-C699-4229-877F-822E64E20037}.Debug|ARM64.ActiveCfg = Debug|Any CPU
		{F7649A82-C699-4229-877F-822E64E20037}.Debug|ARM64.Build.0 = Debug|Any CPU
		{F7649A82-C699-4229-877F-822E64E20037}.Debug|x64.ActiveCfg = Debug|Any CPU
		{F7649A82-C699-4229-877F-822E64E20037}.Debug|x64.Build.0 = Debug|Any CPU
		{F7649A82-C699-4229-877F-822E64E20037}.Debug|x86.ActiveCfg = Debug|Any CPU
		{F7649A82-C699-4229-877F-822E64E20037}.Debug|x86.Build.0 = Debug|Any CPU
		{F7649A82-C699-4229-877F-822E64E20037}.Release|Any CPU.ActiveCfg = Release|Any CPU
		{F7649A82-C699-4229-877F-822E64E20037}.Release|Any CPU.Build.0 = Release|Any CPU
		{F7649A82-C699-4229-877F-822E64E20037}.Release|ARM.ActiveCfg = Release|Any CPU
		{F7649A82-C699-4229-877F-822E64E20037}.Release|ARM.Build.0 = Release|Any CPU
		{F7649A82-C699-4229-877F-822E64E20037}.Release|ARM64.ActiveCfg = Release|Any CPU
		{F7649A82-C699-4229-877F-822E64E20037}.Release|ARM64.Build.0 = Release|Any CPU
		{F7649A82-C699-4229-877F-822E64E20037}.Release|x64.ActiveCfg = Release|Any CPU
		{F7649A82-C699-4229-877F-822E64E20037}.Release|x64.Build.0 = Release|Any CPU
		{F7649A82-C699-4229-877F-822E64E20037}.Release|x86.ActiveCfg = Release|Any CPU
		{F7649A82-C699-4229-877F-822E64E20037}.Release|x86.Build.0 = Release|Any CPU
		{42C198C0-EE34-4952-AECD-FBB6A4EA4494}.Debug|Any CPU.ActiveCfg = Debug|Any CPU
		{42C198C0-EE34-4952-AECD-FBB6A4EA4494}.Debug|Any CPU.Build.0 = Debug|Any CPU
		{42C198C0-EE34-4952-AECD-FBB6A4EA4494}.Debug|ARM.ActiveCfg = Debug|Any CPU
		{42C198C0-EE34-4952-AECD-FBB6A4EA4494}.Debug|ARM.Build.0 = Debug|Any CPU
		{42C198C0-EE34-4952-AECD-FBB6A4EA4494}.Debug|ARM64.ActiveCfg = Debug|Any CPU
		{42C198C0-EE34-4952-AECD-FBB6A4EA4494}.Debug|ARM64.Build.0 = Debug|Any CPU
		{42C198C0-EE34-4952-AECD-FBB6A4EA4494}.Debug|x64.ActiveCfg = Debug|Any CPU
		{42C198C0-EE34-4952-AECD-FBB6A4EA4494}.Debug|x64.Build.0 = Debug|Any CPU
		{42C198C0-EE34-4952-AECD-FBB6A4EA4494}.Debug|x86.ActiveCfg = Debug|Any CPU
		{42C198C0-EE34-4952-AECD-FBB6A4EA4494}.Debug|x86.Build.0 = Debug|Any CPU
		{42C198C0-EE34-4952-AECD-FBB6A4EA4494}.Release|Any CPU.ActiveCfg = Release|Any CPU
		{42C198C0-EE34-4952-AECD-FBB6A4EA4494}.Release|Any CPU.Build.0 = Release|Any CPU
		{42C198C0-EE34-4952-AECD-FBB6A4EA4494}.Release|ARM.ActiveCfg = Release|Any CPU
		{42C198C0-EE34-4952-AECD-FBB6A4EA4494}.Release|ARM.Build.0 = Release|Any CPU
		{42C198C0-EE34-4952-AECD-FBB6A4EA4494}.Release|ARM64.ActiveCfg = Release|Any CPU
		{42C198C0-EE34-4952-AECD-FBB6A4EA4494}.Release|ARM64.Build.0 = Release|Any CPU
		{42C198C0-EE34-4952-AECD-FBB6A4EA4494}.Release|x64.ActiveCfg = Release|Any CPU
		{42C198C0-EE34-4952-AECD-FBB6A4EA4494}.Release|x64.Build.0 = Release|Any CPU
		{42C198C0-EE34-4952-AECD-FBB6A4EA4494}.Release|x86.ActiveCfg = Release|Any CPU
		{42C198C0-EE34-4952-AECD-FBB6A4EA4494}.Release|x86.Build.0 = Release|Any CPU
		{E61EBC68-7696-47D7-A24B-9E591AEC7BC6}.Debug|Any CPU.ActiveCfg = Debug|Any CPU
		{E61EBC68-7696-47D7-A24B-9E591AEC7BC6}.Debug|Any CPU.Build.0 = Debug|Any CPU
		{E61EBC68-7696-47D7-A24B-9E591AEC7BC6}.Debug|ARM.ActiveCfg = Debug|Any CPU
		{E61EBC68-7696-47D7-A24B-9E591AEC7BC6}.Debug|ARM.Build.0 = Debug|Any CPU
		{E61EBC68-7696-47D7-A24B-9E591AEC7BC6}.Debug|ARM64.ActiveCfg = Debug|Any CPU
		{E61EBC68-7696-47D7-A24B-9E591AEC7BC6}.Debug|ARM64.Build.0 = Debug|Any CPU
		{E61EBC68-7696-47D7-A24B-9E591AEC7BC6}.Debug|x64.ActiveCfg = Debug|Any CPU
		{E61EBC68-7696-47D7-A24B-9E591AEC7BC6}.Debug|x64.Build.0 = Debug|Any CPU
		{E61EBC68-7696-47D7-A24B-9E591AEC7BC6}.Debug|x86.ActiveCfg = Debug|Any CPU
		{E61EBC68-7696-47D7-A24B-9E591AEC7BC6}.Debug|x86.Build.0 = Debug|Any CPU
		{E61EBC68-7696-47D7-A24B-9E591AEC7BC6}.Release|Any CPU.ActiveCfg = Release|Any CPU
		{E61EBC68-7696-47D7-A24B-9E591AEC7BC6}.Release|Any CPU.Build.0 = Release|Any CPU
		{E61EBC68-7696-47D7-A24B-9E591AEC7BC6}.Release|ARM.ActiveCfg = Release|Any CPU
		{E61EBC68-7696-47D7-A24B-9E591AEC7BC6}.Release|ARM.Build.0 = Release|Any CPU
		{E61EBC68-7696-47D7-A24B-9E591AEC7BC6}.Release|ARM64.ActiveCfg = Release|Any CPU
		{E61EBC68-7696-47D7-A24B-9E591AEC7BC6}.Release|ARM64.Build.0 = Release|Any CPU
		{E61EBC68-7696-47D7-A24B-9E591AEC7BC6}.Release|x64.ActiveCfg = Release|Any CPU
		{E61EBC68-7696-47D7-A24B-9E591AEC7BC6}.Release|x64.Build.0 = Release|Any CPU
		{E61EBC68-7696-47D7-A24B-9E591AEC7BC6}.Release|x86.ActiveCfg = Release|Any CPU
		{E61EBC68-7696-47D7-A24B-9E591AEC7BC6}.Release|x86.Build.0 = Release|Any CPU
		{5E34001C-2CEF-4D18-B0BC-5B7450D831DD}.Debug|Any CPU.ActiveCfg = Debug|Any CPU
		{5E34001C-2CEF-4D18-B0BC-5B7450D831DD}.Debug|Any CPU.Build.0 = Debug|Any CPU
		{5E34001C-2CEF-4D18-B0BC-5B7450D831DD}.Debug|Any CPU.Deploy.0 = Debug|Any CPU
		{5E34001C-2CEF-4D18-B0BC-5B7450D831DD}.Debug|ARM.ActiveCfg = Debug|ARM
		{5E34001C-2CEF-4D18-B0BC-5B7450D831DD}.Debug|ARM.Build.0 = Debug|ARM
		{5E34001C-2CEF-4D18-B0BC-5B7450D831DD}.Debug|ARM.Deploy.0 = Debug|ARM
		{5E34001C-2CEF-4D18-B0BC-5B7450D831DD}.Debug|ARM64.ActiveCfg = Debug|ARM64
		{5E34001C-2CEF-4D18-B0BC-5B7450D831DD}.Debug|ARM64.Build.0 = Debug|ARM64
		{5E34001C-2CEF-4D18-B0BC-5B7450D831DD}.Debug|ARM64.Deploy.0 = Debug|ARM64
		{5E34001C-2CEF-4D18-B0BC-5B7450D831DD}.Debug|x64.ActiveCfg = Debug|x64
		{5E34001C-2CEF-4D18-B0BC-5B7450D831DD}.Debug|x64.Build.0 = Debug|x64
		{5E34001C-2CEF-4D18-B0BC-5B7450D831DD}.Debug|x64.Deploy.0 = Debug|x64
		{5E34001C-2CEF-4D18-B0BC-5B7450D831DD}.Debug|x86.ActiveCfg = Debug|x86
		{5E34001C-2CEF-4D18-B0BC-5B7450D831DD}.Debug|x86.Build.0 = Debug|x86
		{5E34001C-2CEF-4D18-B0BC-5B7450D831DD}.Debug|x86.Deploy.0 = Debug|x86
		{5E34001C-2CEF-4D18-B0BC-5B7450D831DD}.Release|Any CPU.ActiveCfg = Release|Any CPU
		{5E34001C-2CEF-4D18-B0BC-5B7450D831DD}.Release|Any CPU.Build.0 = Release|Any CPU
		{5E34001C-2CEF-4D18-B0BC-5B7450D831DD}.Release|Any CPU.Deploy.0 = Release|Any CPU
		{5E34001C-2CEF-4D18-B0BC-5B7450D831DD}.Release|ARM.ActiveCfg = Release|ARM
		{5E34001C-2CEF-4D18-B0BC-5B7450D831DD}.Release|ARM.Build.0 = Release|ARM
		{5E34001C-2CEF-4D18-B0BC-5B7450D831DD}.Release|ARM.Deploy.0 = Release|ARM
		{5E34001C-2CEF-4D18-B0BC-5B7450D831DD}.Release|ARM64.ActiveCfg = Release|ARM64
		{5E34001C-2CEF-4D18-B0BC-5B7450D831DD}.Release|ARM64.Build.0 = Release|ARM64
		{5E34001C-2CEF-4D18-B0BC-5B7450D831DD}.Release|ARM64.Deploy.0 = Release|ARM64
		{5E34001C-2CEF-4D18-B0BC-5B7450D831DD}.Release|x64.ActiveCfg = Release|x64
		{5E34001C-2CEF-4D18-B0BC-5B7450D831DD}.Release|x64.Build.0 = Release|x64
		{5E34001C-2CEF-4D18-B0BC-5B7450D831DD}.Release|x64.Deploy.0 = Release|x64
		{5E34001C-2CEF-4D18-B0BC-5B7450D831DD}.Release|x86.ActiveCfg = Release|x86
		{5E34001C-2CEF-4D18-B0BC-5B7450D831DD}.Release|x86.Build.0 = Release|x86
		{5E34001C-2CEF-4D18-B0BC-5B7450D831DD}.Release|x86.Deploy.0 = Release|x86
	EndGlobalSection
	GlobalSection(SolutionProperties) = preSolution
		HideSolutionNode = FALSE
	EndGlobalSection
	GlobalSection(NestedProjects) = preSolution
		{814DF335-BC76-411E-AE94-9AE144DEDAFD} = {DC5E410E-067B-48BA-8C57-F231E35A8790}
		{20E36046-6DCD-4CC9-BC57-1CFD35CB4C40} = {DC5E410E-067B-48BA-8C57-F231E35A8790}
		{3F663C5C-A65B-4B43-AC40-5A0D5B80234C} = {DC5E410E-067B-48BA-8C57-F231E35A8790}
		{6980A029-979A-478A-B35E-FBB53C52486C} = {DC5E410E-067B-48BA-8C57-F231E35A8790}
		{E3242AD1-F11C-46F0-A273-3D38440CB36C} = {DC5E410E-067B-48BA-8C57-F231E35A8790}
	EndGlobalSection
	GlobalSection(ExtensibilityGlobals) = postSolution
		SolutionGuid = {4A4E0476-968F-47C5-A7F0-E73B416E345A}
	EndGlobalSection
EndGlobal
