
Microsoft Visual Studio Solution File, Format Version 12.00
# Visual Studio Version 16
VisualStudioVersion = 16.0.31410.223
MinimumVisualStudioVersion = 10.0.40219.1
Project("{9A19103F-16F7-4668-BE54-9A1E7A4F7556}") = "DgtAngel", "DgtAngel\DgtAngel.csproj", "{DF96AD8A-E912-4328-B282-8DE16F28B8D2}"
EndProject
Project("{9A19103F-16F7-4668-BE54-9A1E7A4F7556}") = "ChessDotNet", "ChessDotNet\ChessDotNet.csproj", "{C1FEC173-AF0A-43B6-B70D-6FBD125C816C}"
EndProject
Project("{9A19103F-16F7-4668-BE54-9A1E7A4F7556}") = "DgtAngelLib", "DgtAngelLib\DgtAngelLib.csproj", "{1A9AEEED-A851-4870-919B-ECFADEC5BEC2}"
EndProject
Project("{2150E333-8FDC-42A3-9474-1A3956D46DE8}") = "Solution Items", "Solution Items", "{DC5E410E-067B-48BA-8C57-F231E35A8790}"
EndProject
Project("{2150E333-8FDC-42A3-9474-1A3956D46DE8}") = "Assets", "Assets", "{9BEF4676-8089-4C82-B85F-B694610D431E}"
	ProjectSection(SolutionItems) = preProject
		Assets\Icons.svg = Assets\Icons.svg
	EndProjectSection
EndProject
Project("{2150E333-8FDC-42A3-9474-1A3956D46DE8}") = "Docs", "Docs", "{46BFB6AB-72BC-4974-A0F7-8C363ADE0A91}"
	ProjectSection(SolutionItems) = preProject
		Docs\DGT Electronic Board DLL.pdf = Docs\DGT Electronic Board DLL.pdf
		Docs\Script.txt = Docs\Script.txt
	EndProjectSection
EndProject
Project("{9A19103F-16F7-4668-BE54-9A1E7A4F7556}") = "DgtEbDllWrapper", "DgtEbDllWrapper\DgtEbDllWrapper.csproj", "{B9F97188-1996-4F0F-BD67-734EA3F672D1}"
EndProject
Project("{9A19103F-16F7-4668-BE54-9A1E7A4F7556}") = "DgtCherub", "DgtCherub\DgtCherub.csproj", "{A3126BB7-0C51-43CA-9075-2863CE97E2F6}"
EndProject
Global
	GlobalSection(SolutionConfigurationPlatforms) = preSolution
		Debug|Any CPU = Debug|Any CPU
		Release|Any CPU = Release|Any CPU
	EndGlobalSection
	GlobalSection(ProjectConfigurationPlatforms) = postSolution
		{DF96AD8A-E912-4328-B282-8DE16F28B8D2}.Debug|Any CPU.ActiveCfg = Debug|Any CPU
		{DF96AD8A-E912-4328-B282-8DE16F28B8D2}.Debug|Any CPU.Build.0 = Debug|Any CPU
		{DF96AD8A-E912-4328-B282-8DE16F28B8D2}.Release|Any CPU.ActiveCfg = Release|Any CPU
		{DF96AD8A-E912-4328-B282-8DE16F28B8D2}.Release|Any CPU.Build.0 = Release|Any CPU
		{C1FEC173-AF0A-43B6-B70D-6FBD125C816C}.Debug|Any CPU.ActiveCfg = Debug|Any CPU
		{C1FEC173-AF0A-43B6-B70D-6FBD125C816C}.Debug|Any CPU.Build.0 = Debug|Any CPU
		{C1FEC173-AF0A-43B6-B70D-6FBD125C816C}.Release|Any CPU.ActiveCfg = Release|Any CPU
		{C1FEC173-AF0A-43B6-B70D-6FBD125C816C}.Release|Any CPU.Build.0 = Release|Any CPU
		{1A9AEEED-A851-4870-919B-ECFADEC5BEC2}.Debug|Any CPU.ActiveCfg = Debug|Any CPU
		{1A9AEEED-A851-4870-919B-ECFADEC5BEC2}.Debug|Any CPU.Build.0 = Debug|Any CPU
		{1A9AEEED-A851-4870-919B-ECFADEC5BEC2}.Release|Any CPU.ActiveCfg = Release|Any CPU
		{1A9AEEED-A851-4870-919B-ECFADEC5BEC2}.Release|Any CPU.Build.0 = Release|Any CPU
		{B9F97188-1996-4F0F-BD67-734EA3F672D1}.Debug|Any CPU.ActiveCfg = Debug|Any CPU
		{B9F97188-1996-4F0F-BD67-734EA3F672D1}.Debug|Any CPU.Build.0 = Debug|Any CPU
		{B9F97188-1996-4F0F-BD67-734EA3F672D1}.Release|Any CPU.ActiveCfg = Release|Any CPU
		{B9F97188-1996-4F0F-BD67-734EA3F672D1}.Release|Any CPU.Build.0 = Release|Any CPU
		{A3126BB7-0C51-43CA-9075-2863CE97E2F6}.Debug|Any CPU.ActiveCfg = Debug|Any CPU
		{A3126BB7-0C51-43CA-9075-2863CE97E2F6}.Debug|Any CPU.Build.0 = Debug|Any CPU
		{A3126BB7-0C51-43CA-9075-2863CE97E2F6}.Release|Any CPU.ActiveCfg = Release|Any CPU
		{A3126BB7-0C51-43CA-9075-2863CE97E2F6}.Release|Any CPU.Build.0 = Release|Any CPU
	EndGlobalSection
	GlobalSection(SolutionProperties) = preSolution
		HideSolutionNode = FALSE
	EndGlobalSection
	GlobalSection(NestedProjects) = preSolution
		{9BEF4676-8089-4C82-B85F-B694610D431E} = {DC5E410E-067B-48BA-8C57-F231E35A8790}
		{46BFB6AB-72BC-4974-A0F7-8C363ADE0A91} = {DC5E410E-067B-48BA-8C57-F231E35A8790}
	EndGlobalSection
	GlobalSection(ExtensibilityGlobals) = postSolution
		SolutionGuid = {4A4E0476-968F-47C5-A7F0-E73B416E345A}
	EndGlobalSection
EndGlobal
